
Microsoft Visual Studio Solution File, Format Version 12.00
# Visual Studio Version 17
VisualStudioVersion = 17.6.33815.320
MinimumVisualStudioVersion = 10.0.40219.1
Project("{FAE04EC0-301F-11D3-BF4B-00C04F79EFBC}") = "UsuariosApp.Services", "UsuariosApp.Services\UsuariosApp.Services.csproj", "{3F817DC8-4E50-48BF-9971-00553731BFD7}"
EndProject
Global
	GlobalSection(SolutionConfigurationPlatforms) = preSolution
		Debug|Any CPU = Debug|Any CPU
		Release|Any CPU = Release|Any CPU
	EndGlobalSection
	GlobalSection(ProjectConfigurationPlatforms) = postSolution
		{3F817DC8-4E50-48BF-9971-00553731BFD7}.Debug|Any CPU.ActiveCfg = Debug|Any CPU
		{3F817DC8-4E50-48BF-9971-00553731BFD7}.Debug|Any CPU.Build.0 = Debug|Any CPU
		{3F817DC8-4E50-48BF-9971-00553731BFD7}.Release|Any CPU.ActiveCfg = Release|Any CPU
		{3F817DC8-4E50-48BF-9971-00553731BFD7}.Release|Any CPU.Build.0 = Release|Any CPU
	EndGlobalSection
	GlobalSection(SolutionProperties) = preSolution
		HideSolutionNode = FALSE
	EndGlobalSection
	GlobalSection(ExtensibilityGlobals) = postSolution
		SolutionGuid = {0E47D7BD-CFD2-454D-8B34-7595EBE3D480}
	EndGlobalSection
EndGlobal
